
Microsoft Visual Studio Solution File, Format Version 12.00
# Visual Studio Version 17
VisualStudioVersion = 17.11.35327.3
MinimumVisualStudioVersion = 10.0.40219.1
Project("{FAE04EC0-301F-11D3-BF4B-00C04F79EFBC}") = "Jinery4", "Jinery4\Jinery4.csproj", "{D8CAD9CE-5F3E-4BC9-9C66-A2F2D9196E0E}"
EndProject
Global
	GlobalSection(SolutionConfigurationPlatforms) = preSolution
		Debug|Any CPU = Debug|Any CPU
		Release|Any CPU = Release|Any CPU
	EndGlobalSection
	GlobalSection(ProjectConfigurationPlatforms) = postSolution
		{D8CAD9CE-5F3E-4BC9-9C66-A2F2D9196E0E}.Debug|Any CPU.ActiveCfg = Debug|Any CPU
		{D8CAD9CE-5F3E-4BC9-9C66-A2F2D9196E0E}.Debug|Any CPU.Build.0 = Debug|Any CPU
		{D8CAD9CE-5F3E-4BC9-9C66-A2F2D9196E0E}.Release|Any CPU.ActiveCfg = Release|Any CPU
		{D8CAD9CE-5F3E-4BC9-9C66-A2F2D9196E0E}.Release|Any CPU.Build.0 = Release|Any CPU
	EndGlobalSection
	GlobalSection(SolutionProperties) = preSolution
		HideSolutionNode = FALSE
	EndGlobalSection
	GlobalSection(ExtensibilityGlobals) = postSolution
		SolutionGuid = {14ACAC8C-4EDC-492C-96F3-AB0BD246396D}
	EndGlobalSection
EndGlobal
