
Microsoft Visual Studio Solution File, Format Version 12.00
# Visual Studio Version 17
VisualStudioVersion = 17.11.35327.3
MinimumVisualStudioVersion = 10.0.40219.1
Project("{FAE04EC0-301F-11D3-BF4B-00C04F79EFBC}") = "SOOLID3", "SOOLID3\SOOLID3.csproj", "{CB39B7AF-E9D6-418F-A5ED-8D3205A42AA9}"
EndProject
Global
	GlobalSection(SolutionConfigurationPlatforms) = preSolution
		Debug|Any CPU = Debug|Any CPU
		Release|Any CPU = Release|Any CPU
	EndGlobalSection
	GlobalSection(ProjectConfigurationPlatforms) = postSolution
		{CB39B7AF-E9D6-418F-A5ED-8D3205A42AA9}.Debug|Any CPU.ActiveCfg = Debug|Any CPU
		{CB39B7AF-E9D6-418F-A5ED-8D3205A42AA9}.Debug|Any CPU.Build.0 = Debug|Any CPU
		{CB39B7AF-E9D6-418F-A5ED-8D3205A42AA9}.Release|Any CPU.ActiveCfg = Release|Any CPU
		{CB39B7AF-E9D6-418F-A5ED-8D3205A42AA9}.Release|Any CPU.Build.0 = Release|Any CPU
	EndGlobalSection
	GlobalSection(SolutionProperties) = preSolution
		HideSolutionNode = FALSE
	EndGlobalSection
	GlobalSection(ExtensibilityGlobals) = postSolution
		SolutionGuid = {9F4F18C4-559E-48EC-9943-41BF270F97E2}
	EndGlobalSection
EndGlobal
